
Microsoft Visual Studio Solution File, Format Version 12.00
# Visual Studio Version 17
VisualStudioVersion = 17.8.34322.80
MinimumVisualStudioVersion = 10.0.40219.1
Project("{9A19103F-16F7-4668-BE54-9A1E7A4F7556}") = "Superhero.Api", "Superhero.Api\Superhero.Api.csproj", "{8909B5FE-7E5E-4B54-A058-DAFD92AD5520}"
EndProject
Project("{9A19103F-16F7-4668-BE54-9A1E7A4F7556}") = "Superhero.Api.Tests", "Superhero.Api.Tests\Superhero.Api.Tests.csproj", "{2C2AA0CB-0109-4E9D-B315-BF3E542FFDCE}"
EndProject
Project("{FAE04EC0-301F-11D3-BF4B-00C04F79EFBC}") = "Superhero.Api.Client", "Superhero.Api.Client\Superhero.Api.Client.csproj", "{CE1D75B3-FB3A-40C9-AB49-7FE80AC673DD}"
EndProject
Global
	GlobalSection(SolutionConfigurationPlatforms) = preSolution
		Debug|Any CPU = Debug|Any CPU
		Release|Any CPU = Release|Any CPU
	EndGlobalSection
	GlobalSection(ProjectConfigurationPlatforms) = postSolution
		{8909B5FE-7E5E-4B54-A058-DAFD92AD5520}.Debug|Any CPU.ActiveCfg = Debug|Any CPU
		{8909B5FE-7E5E-4B54-A058-DAFD92AD5520}.Debug|Any CPU.Build.0 = Debug|Any CPU
		{8909B5FE-7E5E-4B54-A058-DAFD92AD5520}.Release|Any CPU.ActiveCfg = Release|Any CPU
		{8909B5FE-7E5E-4B54-A058-DAFD92AD5520}.Release|Any CPU.Build.0 = Release|Any CPU
		{2C2AA0CB-0109-4E9D-B315-BF3E542FFDCE}.Debug|Any CPU.ActiveCfg = Debug|Any CPU
		{2C2AA0CB-0109-4E9D-B315-BF3E542FFDCE}.Debug|Any CPU.Build.0 = Debug|Any CPU
		{2C2AA0CB-0109-4E9D-B315-BF3E542FFDCE}.Release|Any CPU.ActiveCfg = Release|Any CPU
		{2C2AA0CB-0109-4E9D-B315-BF3E542FFDCE}.Release|Any CPU.Build.0 = Release|Any CPU
		{CE1D75B3-FB3A-40C9-AB49-7FE80AC673DD}.Debug|Any CPU.ActiveCfg = Debug|Any CPU
		{CE1D75B3-FB3A-40C9-AB49-7FE80AC673DD}.Debug|Any CPU.Build.0 = Debug|Any CPU
		{CE1D75B3-FB3A-40C9-AB49-7FE80AC673DD}.Release|Any CPU.ActiveCfg = Release|Any CPU
		{CE1D75B3-FB3A-40C9-AB49-7FE80AC673DD}.Release|Any CPU.Build.0 = Release|Any CPU
	EndGlobalSection
	GlobalSection(SolutionProperties) = preSolution
		HideSolutionNode = FALSE
	EndGlobalSection
	GlobalSection(ExtensibilityGlobals) = postSolution
		SolutionGuid = {79C821A5-F030-4C5A-BE27-08E509D6B55A}
	EndGlobalSection
EndGlobal
